
Microsoft Visual Studio Solution File, Format Version 12.00
# Visual Studio Version 16
VisualStudioVersion = 16.0.31702.278
MinimumVisualStudioVersion = 10.0.40219.1
Project("{FAE04EC0-301F-11D3-BF4B-00C04F79EFBC}") = "TourAndTravel2", "TourAndTravel2.csproj", "{018F462B-E447-465B-B35F-661862C428A6}"
EndProject
Global
	GlobalSection(SolutionConfigurationPlatforms) = preSolution
		Debug|Any CPU = Debug|Any CPU
		Release|Any CPU = Release|Any CPU
	EndGlobalSection
	GlobalSection(ProjectConfigurationPlatforms) = postSolution
		{018F462B-E447-465B-B35F-661862C428A6}.Debug|Any CPU.ActiveCfg = Debug|Any CPU
		{018F462B-E447-465B-B35F-661862C428A6}.Debug|Any CPU.Build.0 = Debug|Any CPU
		{018F462B-E447-465B-B35F-661862C428A6}.Release|Any CPU.ActiveCfg = Release|Any CPU
		{018F462B-E447-465B-B35F-661862C428A6}.Release|Any CPU.Build.0 = Release|Any CPU
	EndGlobalSection
	GlobalSection(SolutionProperties) = preSolution
		HideSolutionNode = FALSE
	EndGlobalSection
	GlobalSection(ExtensibilityGlobals) = postSolution
		SolutionGuid = {4E05CC9F-EFC5-4459-B665-ABBA00EE73B7}
	EndGlobalSection
EndGlobal
